
Microsoft Visual Studio Solution File, Format Version 12.00
# Visual Studio 15
VisualStudioVersion = 15.0.26430.16
MinimumVisualStudioVersion = 10.0.40219.1
Project("{2150E333-8FDC-42A3-9474-1A3956D46DE8}") = "1.Creational Patterns", "1.Creational Patterns", "{3659456A-97F8-425D-964D-7CEF9E08E4FC}"
EndProject
Project("{FAE04EC0-301F-11D3-BF4B-00C04F79EFBC}") = "AbstractFactory", "Creational Patterns\AbstractFactory\AbstractFactory.csproj", "{463C788B-9888-4EF4-96CF-A8E1849D5651}"
EndProject
Project("{FAE04EC0-301F-11D3-BF4B-00C04F79EFBC}") = "Builder", "Creational Patterns\Builder\Builder.csproj", "{F97DF0CE-31BF-42C7-840A-483D3B0A718E}"
EndProject
Project("{FAE04EC0-301F-11D3-BF4B-00C04F79EFBC}") = "FactoryMethod", "Creational Patterns\FactoryMethod\FactoryMethod.csproj", "{C35B226B-FFBE-4C36-91DA-20730E230210}"
EndProject
Project("{FAE04EC0-301F-11D3-BF4B-00C04F79EFBC}") = "Prototype", "Creational Patterns\Prototype\Prototype.csproj", "{090CA4A3-B7F8-43E9-B811-FCC2239E39D3}"
EndProject
Project("{FAE04EC0-301F-11D3-BF4B-00C04F79EFBC}") = "Singleton", "Creational Patterns\Singleton\Singleton.csproj", "{D7147F5A-F862-4E69-8D54-DE2B9433C065}"
EndProject
Project("{2150E333-8FDC-42A3-9474-1A3956D46DE8}") = "2.Structural Patterns", "2.Structural Patterns", "{C526D290-9BC8-4849-83B2-0F09C1B24D17}"
EndProject
Project("{FAE04EC0-301F-11D3-BF4B-00C04F79EFBC}") = "Adapter", "Structural Patterns\Adapter\Adapter.csproj", "{4EF10383-B51D-45E4-A3F8-A85A73352137}"
EndProject
Project("{FAE04EC0-301F-11D3-BF4B-00C04F79EFBC}") = "Bridge", "Structural Patterns\Bridge\Bridge.csproj", "{416FB344-1C2D-4596-9A99-6563FF776E3A}"
EndProject
Project("{FAE04EC0-301F-11D3-BF4B-00C04F79EFBC}") = "Composite", "Structural Patterns\Composite\Composite.csproj", "{1D004070-6F79-46C0-B30B-ADDF3736AE22}"
EndProject
Project("{FAE04EC0-301F-11D3-BF4B-00C04F79EFBC}") = "Decorator", "Structural Patterns\Decorator\Decorator.csproj", "{47369401-1F74-4377-85B2-FF9FAB20AADF}"
EndProject
Project("{FAE04EC0-301F-11D3-BF4B-00C04F79EFBC}") = "Facade", "Structural Patterns\Facade\Facade.csproj", "{18FF167F-1FFD-4CBB-B73E-47BC67C1C9E8}"
EndProject
Project("{FAE04EC0-301F-11D3-BF4B-00C04F79EFBC}") = "Flyweight", "Structural Patterns\Flyweight\Flyweight.csproj", "{392A622B-16BC-4657-8342-6572F1B7F5D6}"
EndProject
Project("{FAE04EC0-301F-11D3-BF4B-00C04F79EFBC}") = "Proxy", "Structural Patterns\Proxy\Proxy.csproj", "{EAE75E0F-A3F5-4162-90E5-13A6BD2FB244}"
EndProject
Project("{2150E333-8FDC-42A3-9474-1A3956D46DE8}") = "3.Behavioral Patterns", "3.Behavioral Patterns", "{6FD9A9D5-C570-4D21-A227-2DB7C9438677}"
EndProject
Project("{FAE04EC0-301F-11D3-BF4B-00C04F79EFBC}") = "Chain of Responsibility", "Behavioral Patterns\Chain of Responsibility\Chain of Responsibility.csproj", "{A6505E73-9BF4-43D3-ABA5-714F3DF458A5}"
EndProject
Project("{FAE04EC0-301F-11D3-BF4B-00C04F79EFBC}") = "Command", "Behavioral Patterns\Command\Command.csproj", "{CA6E1E95-2CCD-4E82-9D9B-5CCDA2443644}"
EndProject
Project("{FAE04EC0-301F-11D3-BF4B-00C04F79EFBC}") = "Interpreter", "Behavioral Patterns\Interpreter\Interpreter.csproj", "{6485A5E3-3FD9-4DFC-B91F-C5A257B32A16}"
EndProject
Project("{FAE04EC0-301F-11D3-BF4B-00C04F79EFBC}") = "Iterator", "Behavioral Patterns\Iterator\Iterator.csproj", "{19F6E195-B2E0-4D52-944D-7E118DF3976F}"
EndProject
Project("{FAE04EC0-301F-11D3-BF4B-00C04F79EFBC}") = "Mediator", "Behavioral Patterns\Mediator\Mediator.csproj", "{3D5B5192-9DE8-4DB1-9195-5C28D0C5FEC3}"
EndProject
Project("{FAE04EC0-301F-11D3-BF4B-00C04F79EFBC}") = "Memento", "Behavioral Patterns\Memento\Memento.csproj", "{4F63C07B-5172-4476-84DF-BE5F739D21A7}"
EndProject
Project("{FAE04EC0-301F-11D3-BF4B-00C04F79EFBC}") = "Observer", "Behavioral Patterns\Observer\Observer.csproj", "{7462665B-B89E-4211-9B21-719D0AE04C62}"
EndProject
Project("{FAE04EC0-301F-11D3-BF4B-00C04F79EFBC}") = "State", "Behavioral Patterns\State\State.csproj", "{ACD21F28-0058-4200-BBAD-4CD9354DAA94}"
EndProject
Project("{FAE04EC0-301F-11D3-BF4B-00C04F79EFBC}") = "Strategy", "Behavioral Patterns\Strategy\Strategy.csproj", "{AD8EEFC7-BBA4-4138-9140-6346F59778EF}"
EndProject
Project("{FAE04EC0-301F-11D3-BF4B-00C04F79EFBC}") = "Template Method", "Behavioral Patterns\Template Method\Template Method.csproj", "{71C2D9BE-3069-4054-BDFF-8A9CD594216F}"
EndProject
Project("{FAE04EC0-301F-11D3-BF4B-00C04F79EFBC}") = "Visitor", "Behavioral Patterns\Visitor\Visitor.csproj", "{46ED09AA-E42F-4A64-825A-C1876AA0C2CF}"
EndProject
Global
	GlobalSection(SolutionConfigurationPlatforms) = preSolution
		Debug|Any CPU = Debug|Any CPU
		Release|Any CPU = Release|Any CPU
	EndGlobalSection
	GlobalSection(ProjectConfigurationPlatforms) = postSolution
		{463C788B-9888-4EF4-96CF-A8E1849D5651}.Debug|Any CPU.ActiveCfg = Debug|Any CPU
		{463C788B-9888-4EF4-96CF-A8E1849D5651}.Debug|Any CPU.Build.0 = Debug|Any CPU
		{463C788B-9888-4EF4-96CF-A8E1849D5651}.Release|Any CPU.ActiveCfg = Release|Any CPU
		{463C788B-9888-4EF4-96CF-A8E1849D5651}.Release|Any CPU.Build.0 = Release|Any CPU
		{F97DF0CE-31BF-42C7-840A-483D3B0A718E}.Debug|Any CPU.ActiveCfg = Debug|Any CPU
		{F97DF0CE-31BF-42C7-840A-483D3B0A718E}.Debug|Any CPU.Build.0 = Debug|Any CPU
		{F97DF0CE-31BF-42C7-840A-483D3B0A718E}.Release|Any CPU.ActiveCfg = Release|Any CPU
		{F97DF0CE-31BF-42C7-840A-483D3B0A718E}.Release|Any CPU.Build.0 = Release|Any CPU
		{C35B226B-FFBE-4C36-91DA-20730E230210}.Debug|Any CPU.ActiveCfg = Debug|Any CPU
		{C35B226B-FFBE-4C36-91DA-20730E230210}.Debug|Any CPU.Build.0 = Debug|Any CPU
		{C35B226B-FFBE-4C36-91DA-20730E230210}.Release|Any CPU.ActiveCfg = Release|Any CPU
		{C35B226B-FFBE-4C36-91DA-20730E230210}.Release|Any CPU.Build.0 = Release|Any CPU
		{090CA4A3-B7F8-43E9-B811-FCC2239E39D3}.Debug|Any CPU.ActiveCfg = Debug|Any CPU
		{090CA4A3-B7F8-43E9-B811-FCC2239E39D3}.Debug|Any CPU.Build.0 = Debug|Any CPU
		{090CA4A3-B7F8-43E9-B811-FCC2239E39D3}.Release|Any CPU.ActiveCfg = Release|Any CPU
		{090CA4A3-B7F8-43E9-B811-FCC2239E39D3}.Release|Any CPU.Build.0 = Release|Any CPU
		{D7147F5A-F862-4E69-8D54-DE2B9433C065}.Debug|Any CPU.ActiveCfg = Debug|Any CPU
		{D7147F5A-F862-4E69-8D54-DE2B9433C065}.Debug|Any CPU.Build.0 = Debug|Any CPU
		{D7147F5A-F862-4E69-8D54-DE2B9433C065}.Release|Any CPU.ActiveCfg = Release|Any CPU
		{D7147F5A-F862-4E69-8D54-DE2B9433C065}.Release|Any CPU.Build.0 = Release|Any CPU
		{4EF10383-B51D-45E4-A3F8-A85A73352137}.Debug|Any CPU.ActiveCfg = Debug|Any CPU
		{4EF10383-B51D-45E4-A3F8-A85A73352137}.Debug|Any CPU.Build.0 = Debug|Any CPU
		{4EF10383-B51D-45E4-A3F8-A85A73352137}.Release|Any CPU.ActiveCfg = Release|Any CPU
		{4EF10383-B51D-45E4-A3F8-A85A73352137}.Release|Any CPU.Build.0 = Release|Any CPU
		{416FB344-1C2D-4596-9A99-6563FF776E3A}.Debug|Any CPU.ActiveCfg = Debug|Any CPU
		{416FB344-1C2D-4596-9A99-6563FF776E3A}.Debug|Any CPU.Build.0 = Debug|Any CPU
		{416FB344-1C2D-4596-9A99-6563FF776E3A}.Release|Any CPU.ActiveCfg = Release|Any CPU
		{416FB344-1C2D-4596-9A99-6563FF776E3A}.Release|Any CPU.Build.0 = Release|Any CPU
		{1D004070-6F79-46C0-B30B-ADDF3736AE22}.Debug|Any CPU.ActiveCfg = Debug|Any CPU
		{1D004070-6F79-46C0-B30B-ADDF3736AE22}.Debug|Any CPU.Build.0 = Debug|Any CPU
		{1D004070-6F79-46C0-B30B-ADDF3736AE22}.Release|Any CPU.ActiveCfg = Release|Any CPU
		{1D004070-6F79-46C0-B30B-ADDF3736AE22}.Release|Any CPU.Build.0 = Release|Any CPU
		{47369401-1F74-4377-85B2-FF9FAB20AADF}.Debug|Any CPU.ActiveCfg = Debug|Any CPU
		{47369401-1F74-4377-85B2-FF9FAB20AADF}.Debug|Any CPU.Build.0 = Debug|Any CPU
		{47369401-1F74-4377-85B2-FF9FAB20AADF}.Release|Any CPU.ActiveCfg = Release|Any CPU
		{47369401-1F74-4377-85B2-FF9FAB20AADF}.Release|Any CPU.Build.0 = Release|Any CPU
		{18FF167F-1FFD-4CBB-B73E-47BC67C1C9E8}.Debug|Any CPU.ActiveCfg = Debug|Any CPU
		{18FF167F-1FFD-4CBB-B73E-47BC67C1C9E8}.Debug|Any CPU.Build.0 = Debug|Any CPU
		{18FF167F-1FFD-4CBB-B73E-47BC67C1C9E8}.Release|Any CPU.ActiveCfg = Release|Any CPU
		{18FF167F-1FFD-4CBB-B73E-47BC67C1C9E8}.Release|Any CPU.Build.0 = Release|Any CPU
		{392A622B-16BC-4657-8342-6572F1B7F5D6}.Debug|Any CPU.ActiveCfg = Debug|Any CPU
		{392A622B-16BC-4657-8342-6572F1B7F5D6}.Debug|Any CPU.Build.0 = Debug|Any CPU
		{392A622B-16BC-4657-8342-6572F1B7F5D6}.Release|Any CPU.ActiveCfg = Release|Any CPU
		{392A622B-16BC-4657-8342-6572F1B7F5D6}.Release|Any CPU.Build.0 = Release|Any CPU
		{EAE75E0F-A3F5-4162-90E5-13A6BD2FB244}.Debug|Any CPU.ActiveCfg = Debug|Any CPU
		{EAE75E0F-A3F5-4162-90E5-13A6BD2FB244}.Debug|Any CPU.Build.0 = Debug|Any CPU
		{EAE75E0F-A3F5-4162-90E5-13A6BD2FB244}.Release|Any CPU.ActiveCfg = Release|Any CPU
		{EAE75E0F-A3F5-4162-90E5-13A6BD2FB244}.Release|Any CPU.Build.0 = Release|Any CPU
		{A6505E73-9BF4-43D3-ABA5-714F3DF458A5}.Debug|Any CPU.ActiveCfg = Debug|Any CPU
		{A6505E73-9BF4-43D3-ABA5-714F3DF458A5}.Debug|Any CPU.Build.0 = Debug|Any CPU
		{A6505E73-9BF4-43D3-ABA5-714F3DF458A5}.Release|Any CPU.ActiveCfg = Release|Any CPU
		{A6505E73-9BF4-43D3-ABA5-714F3DF458A5}.Release|Any CPU.Build.0 = Release|Any CPU
		{CA6E1E95-2CCD-4E82-9D9B-5CCDA2443644}.Debug|Any CPU.ActiveCfg = Debug|Any CPU
		{CA6E1E95-2CCD-4E82-9D9B-5CCDA2443644}.Debug|Any CPU.Build.0 = Debug|Any CPU
		{CA6E1E95-2CCD-4E82-9D9B-5CCDA2443644}.Release|Any CPU.ActiveCfg = Release|Any CPU
		{CA6E1E95-2CCD-4E82-9D9B-5CCDA2443644}.Release|Any CPU.Build.0 = Release|Any CPU
		{6485A5E3-3FD9-4DFC-B91F-C5A257B32A16}.Debug|Any CPU.ActiveCfg = Debug|Any CPU
		{6485A5E3-3FD9-4DFC-B91F-C5A257B32A16}.Debug|Any CPU.Build.0 = Debug|Any CPU
		{6485A5E3-3FD9-4DFC-B91F-C5A257B32A16}.Release|Any CPU.ActiveCfg = Release|Any CPU
		{6485A5E3-3FD9-4DFC-B91F-C5A257B32A16}.Release|Any CPU.Build.0 = Release|Any CPU
		{3D5B5192-9DE8-4DB1-9195-5C28D0C5FEC3}.Debug|Any CPU.ActiveCfg = Debug|Any CPU
		{3D5B5192-9DE8-4DB1-9195-5C28D0C5FEC3}.Debug|Any CPU.Build.0 = Debug|Any CPU
		{3D5B5192-9DE8-4DB1-9195-5C28D0C5FEC3}.Release|Any CPU.ActiveCfg = Release|Any CPU
		{3D5B5192-9DE8-4DB1-9195-5C28D0C5FEC3}.Release|Any CPU.Build.0 = Release|Any CPU
		{4F63C07B-5172-4476-84DF-BE5F739D21A7}.Debug|Any CPU.ActiveCfg = Debug|Any CPU
		{4F63C07B-5172-4476-84DF-BE5F739D21A7}.Debug|Any CPU.Build.0 = Debug|Any CPU
		{4F63C07B-5172-4476-84DF-BE5F739D21A7}.Release|Any CPU.ActiveCfg = Release|Any CPU
		{4F63C07B-5172-4476-84DF-BE5F739D21A7}.Release|Any CPU.Build.0 = Release|Any CPU
		{7462665B-B89E-4211-9B21-719D0AE04C62}.Debug|Any CPU.ActiveCfg = Debug|Any CPU
		{7462665B-B89E-4211-9B21-719D0AE04C62}.Debug|Any CPU.Build.0 = Debug|Any CPU
		{7462665B-B89E-4211-9B21-719D0AE04C62}.Release|Any CPU.ActiveCfg = Release|Any CPU
		{7462665B-B89E-4211-9B21-719D0AE04C62}.Release|Any CPU.Build.0 = Release|Any CPU
		{ACD21F28-0058-4200-BBAD-4CD9354DAA94}.Debug|Any CPU.ActiveCfg = Debug|Any CPU
		{ACD21F28-0058-4200-BBAD-4CD9354DAA94}.Debug|Any CPU.Build.0 = Debug|Any CPU
		{ACD21F28-0058-4200-BBAD-4CD9354DAA94}.Release|Any CPU.ActiveCfg = Release|Any CPU
		{ACD21F28-0058-4200-BBAD-4CD9354DAA94}.Release|Any CPU.Build.0 = Release|Any CPU
		{AD8EEFC7-BBA4-4138-9140-6346F59778EF}.Debug|Any CPU.ActiveCfg = Debug|Any CPU
		{AD8EEFC7-BBA4-4138-9140-6346F59778EF}.Debug|Any CPU.Build.0 = Debug|Any CPU
		{AD8EEFC7-BBA4-4138-9140-6346F59778EF}.Release|Any CPU.ActiveCfg = Release|Any CPU
		{AD8EEFC7-BBA4-4138-9140-6346F59778EF}.Release|Any CPU.Build.0 = Release|Any CPU
		{71C2D9BE-3069-4054-BDFF-8A9CD594216F}.Debug|Any CPU.ActiveCfg = Debug|Any CPU
		{71C2D9BE-3069-4054-BDFF-8A9CD594216F}.Debug|Any CPU.Build.0 = Debug|Any CPU
		{71C2D9BE-3069-4054-BDFF-8A9CD594216F}.Release|Any CPU.ActiveCfg = Release|Any CPU
		{71C2D9BE-3069-4054-BDFF-8A9CD594216F}.Release|Any CPU.Build.0 = Release|Any CPU
		{46ED09AA-E42F-4A64-825A-C1876AA0C2CF}.Debug|Any CPU.ActiveCfg = Debug|Any CPU
		{46ED09AA-E42F-4A64-825A-C1876AA0C2CF}.Debug|Any CPU.Build.0 = Debug|Any CPU
		{46ED09AA-E42F-4A64-825A-C1876AA0C2CF}.Release|Any CPU.ActiveCfg = Release|Any CPU
		{46ED09AA-E42F-4A64-825A-C1876AA0C2CF}.Release|Any CPU.Build.0 = Release|Any CPU
		{19F6E195-B2E0-4D52-944D-7E118DF3976F}.Debug|Any CPU.ActiveCfg = Debug|Any CPU
		{19F6E195-B2E0-4D52-944D-7E118DF3976F}.Debug|Any CPU.Build.0 = Debug|Any CPU
		{19F6E195-B2E0-4D52-944D-7E118DF3976F}.Release|Any CPU.ActiveCfg = Release|Any CPU
		{19F6E195-B2E0-4D52-944D-7E118DF3976F}.Release|Any CPU.Build.0 = Release|Any CPU
	EndGlobalSection
	GlobalSection(SolutionProperties) = preSolution
		HideSolutionNode = FALSE
	EndGlobalSection
	GlobalSection(NestedProjects) = preSolution
		{463C788B-9888-4EF4-96CF-A8E1849D5651} = {3659456A-97F8-425D-964D-7CEF9E08E4FC}
		{F97DF0CE-31BF-42C7-840A-483D3B0A718E} = {3659456A-97F8-425D-964D-7CEF9E08E4FC}
		{C35B226B-FFBE-4C36-91DA-20730E230210} = {3659456A-97F8-425D-964D-7CEF9E08E4FC}
		{090CA4A3-B7F8-43E9-B811-FCC2239E39D3} = {3659456A-97F8-425D-964D-7CEF9E08E4FC}
		{D7147F5A-F862-4E69-8D54-DE2B9433C065} = {3659456A-97F8-425D-964D-7CEF9E08E4FC}
		{4EF10383-B51D-45E4-A3F8-A85A73352137} = {C526D290-9BC8-4849-83B2-0F09C1B24D17}
		{416FB344-1C2D-4596-9A99-6563FF776E3A} = {C526D290-9BC8-4849-83B2-0F09C1B24D17}
		{1D004070-6F79-46C0-B30B-ADDF3736AE22} = {C526D290-9BC8-4849-83B2-0F09C1B24D17}
		{47369401-1F74-4377-85B2-FF9FAB20AADF} = {C526D290-9BC8-4849-83B2-0F09C1B24D17}
		{18FF167F-1FFD-4CBB-B73E-47BC67C1C9E8} = {C526D290-9BC8-4849-83B2-0F09C1B24D17}
		{392A622B-16BC-4657-8342-6572F1B7F5D6} = {C526D290-9BC8-4849-83B2-0F09C1B24D17}
		{EAE75E0F-A3F5-4162-90E5-13A6BD2FB244} = {C526D290-9BC8-4849-83B2-0F09C1B24D17}
		{A6505E73-9BF4-43D3-ABA5-714F3DF458A5} = {6FD9A9D5-C570-4D21-A227-2DB7C9438677}
		{CA6E1E95-2CCD-4E82-9D9B-5CCDA2443644} = {6FD9A9D5-C570-4D21-A227-2DB7C9438677}
		{6485A5E3-3FD9-4DFC-B91F-C5A257B32A16} = {6FD9A9D5-C570-4D21-A227-2DB7C9438677}
		{3D5B5192-9DE8-4DB1-9195-5C28D0C5FEC3} = {6FD9A9D5-C570-4D21-A227-2DB7C9438677}
		{4F63C07B-5172-4476-84DF-BE5F739D21A7} = {6FD9A9D5-C570-4D21-A227-2DB7C9438677}
		{7462665B-B89E-4211-9B21-719D0AE04C62} = {6FD9A9D5-C570-4D21-A227-2DB7C9438677}
		{ACD21F28-0058-4200-BBAD-4CD9354DAA94} = {6FD9A9D5-C570-4D21-A227-2DB7C9438677}
		{AD8EEFC7-BBA4-4138-9140-6346F59778EF} = {6FD9A9D5-C570-4D21-A227-2DB7C9438677}
		{71C2D9BE-3069-4054-BDFF-8A9CD594216F} = {6FD9A9D5-C570-4D21-A227-2DB7C9438677}
		{46ED09AA-E42F-4A64-825A-C1876AA0C2CF} = {6FD9A9D5-C570-4D21-A227-2DB7C9438677}
		{19F6E195-B2E0-4D52-944D-7E118DF3976F} = {6FD9A9D5-C570-4D21-A227-2DB7C9438677}
	EndGlobalSection
EndGlobal
